
Microsoft Visual Studio Solution File, Format Version 12.00
# Visual Studio Version 17
VisualStudioVersion = 17.9.34723.18
MinimumVisualStudioVersion = 10.0.40219.1
Project("{9A19103F-16F7-4668-BE54-9A1E7A4F7556}") = "RestaurantAPI", "RestaurantAPI\RestaurantAPI.csproj", "{5E9BFC7C-D90F-4439-A5C1-0102B80AA8C0}"
EndProject
Project("{2150E333-8FDC-42A3-9474-1A3956D46DE8}") = "Presentation", "Presentation", "{D22347BE-3EAD-4694-997D-5F9537573050}"
EndProject
Project("{2150E333-8FDC-42A3-9474-1A3956D46DE8}") = "WebApplication", "WebApplication", "{62C092CD-B930-4485-9EC9-1BC141C48E94}"
EndProject
Project("{2150E333-8FDC-42A3-9474-1A3956D46DE8}") = "source", "source", "{E342815D-7424-48D1-8BF7-6B0CAC9448FE}"
EndProject
Project("{FAE04EC0-301F-11D3-BF4B-00C04F79EFBC}") = "RestaurantAPI.Core.Application", "Core\RestaurantAPI.Core.Application.csproj", "{9DD627A8-FC21-4269-90D7-5F00BB7F51BB}"
EndProject
Project("{2150E333-8FDC-42A3-9474-1A3956D46DE8}") = "Core", "Core", "{BF2F50E1-2B6E-4053-B76B-5274C55706E6}"
EndProject
Global
	GlobalSection(SolutionConfigurationPlatforms) = preSolution
		Debug|Any CPU = Debug|Any CPU
		Release|Any CPU = Release|Any CPU
	EndGlobalSection
	GlobalSection(ProjectConfigurationPlatforms) = postSolution
		{5E9BFC7C-D90F-4439-A5C1-0102B80AA8C0}.Debug|Any CPU.ActiveCfg = Debug|Any CPU
		{5E9BFC7C-D90F-4439-A5C1-0102B80AA8C0}.Debug|Any CPU.Build.0 = Debug|Any CPU
		{5E9BFC7C-D90F-4439-A5C1-0102B80AA8C0}.Release|Any CPU.ActiveCfg = Release|Any CPU
		{5E9BFC7C-D90F-4439-A5C1-0102B80AA8C0}.Release|Any CPU.Build.0 = Release|Any CPU
		{9DD627A8-FC21-4269-90D7-5F00BB7F51BB}.Debug|Any CPU.ActiveCfg = Debug|Any CPU
		{9DD627A8-FC21-4269-90D7-5F00BB7F51BB}.Debug|Any CPU.Build.0 = Debug|Any CPU
		{9DD627A8-FC21-4269-90D7-5F00BB7F51BB}.Release|Any CPU.ActiveCfg = Release|Any CPU
		{9DD627A8-FC21-4269-90D7-5F00BB7F51BB}.Release|Any CPU.Build.0 = Release|Any CPU
	EndGlobalSection
	GlobalSection(SolutionProperties) = preSolution
		HideSolutionNode = FALSE
	EndGlobalSection
	GlobalSection(NestedProjects) = preSolution
		{5E9BFC7C-D90F-4439-A5C1-0102B80AA8C0} = {62C092CD-B930-4485-9EC9-1BC141C48E94}
		{D22347BE-3EAD-4694-997D-5F9537573050} = {E342815D-7424-48D1-8BF7-6B0CAC9448FE}
		{62C092CD-B930-4485-9EC9-1BC141C48E94} = {D22347BE-3EAD-4694-997D-5F9537573050}
		{9DD627A8-FC21-4269-90D7-5F00BB7F51BB} = {BF2F50E1-2B6E-4053-B76B-5274C55706E6}
		{BF2F50E1-2B6E-4053-B76B-5274C55706E6} = {E342815D-7424-48D1-8BF7-6B0CAC9448FE}
	EndGlobalSection
	GlobalSection(ExtensibilityGlobals) = postSolution
		SolutionGuid = {6E180DA2-4489-4067-95F1-463CC8E0F225}
	EndGlobalSection
EndGlobal
