
Microsoft Visual Studio Solution File, Format Version 12.00
# Visual Studio Version 17
VisualStudioVersion = 17.9.34723.18
MinimumVisualStudioVersion = 10.0.40219.1
Project("{9A19103F-16F7-4668-BE54-9A1E7A4F7556}") = "RestaurantAPI", "RestaurantAPI.csproj", "{5E9BFC7C-D90F-4439-A5C1-0102B80AA8C0}"
EndProject
Global
	GlobalSection(SolutionConfigurationPlatforms) = preSolution
		Debug|Any CPU = Debug|Any CPU
		Release|Any CPU = Release|Any CPU
	EndGlobalSection
	GlobalSection(ProjectConfigurationPlatforms) = postSolution
		{5E9BFC7C-D90F-4439-A5C1-0102B80AA8C0}.Debug|Any CPU.ActiveCfg = Debug|Any CPU
		{5E9BFC7C-D90F-4439-A5C1-0102B80AA8C0}.Debug|Any CPU.Build.0 = Debug|Any CPU
		{5E9BFC7C-D90F-4439-A5C1-0102B80AA8C0}.Release|Any CPU.ActiveCfg = Release|Any CPU
		{5E9BFC7C-D90F-4439-A5C1-0102B80AA8C0}.Release|Any CPU.Build.0 = Release|Any CPU
		{D5169912-3534-4620-AE77-DB1699B49FD2}.Debug|Any CPU.ActiveCfg = Debug|Any CPU
		{D5169912-3534-4620-AE77-DB1699B49FD2}.Debug|Any CPU.Build.0 = Debug|Any CPU
		{D5169912-3534-4620-AE77-DB1699B49FD2}.Release|Any CPU.ActiveCfg = Release|Any CPU
		{D5169912-3534-4620-AE77-DB1699B49FD2}.Release|Any CPU.Build.0 = Release|Any CPU
	EndGlobalSection
	GlobalSection(SolutionProperties) = preSolution
		HideSolutionNode = FALSE
	EndGlobalSection
	GlobalSection(ExtensibilityGlobals) = postSolution
		SolutionGuid = {6E180DA2-4489-4067-95F1-463CC8E0F225}
	EndGlobalSection
EndGlobal
